
Microsoft Visual Studio Solution File, Format Version 12.00
# Visual Studio Version 16
VisualStudioVersion = 16.0.28902.138
MinimumVisualStudioVersion = 10.0.40219.1
Project("{FAE04EC0-301F-11D3-BF4B-00C04F79EFBC}") = "test1", "test1\test1.csproj", "{4BAC7073-D587-47CD-8DB8-5335D01E5C4E}"
EndProject
Global
	GlobalSection(SolutionConfigurationPlatforms) = preSolution
		Debug|Any CPU = Debug|Any CPU
		Release|Any CPU = Release|Any CPU
	EndGlobalSection
	GlobalSection(ProjectConfigurationPlatforms) = postSolution
		{4BAC7073-D587-47CD-8DB8-5335D01E5C4E}.Debug|Any CPU.ActiveCfg = Debug|Any CPU
		{4BAC7073-D587-47CD-8DB8-5335D01E5C4E}.Debug|Any CPU.Build.0 = Debug|Any CPU
		{4BAC7073-D587-47CD-8DB8-5335D01E5C4E}.Release|Any CPU.ActiveCfg = Release|Any CPU
		{4BAC7073-D587-47CD-8DB8-5335D01E5C4E}.Release|Any CPU.Build.0 = Release|Any CPU
	EndGlobalSection
	GlobalSection(SolutionProperties) = preSolution
		HideSolutionNode = FALSE
	EndGlobalSection
	GlobalSection(ExtensibilityGlobals) = postSolution
		SolutionGuid = {0D059F5D-4D1F-425C-B9DE-DC26327E53E8}
	EndGlobalSection
EndGlobal
